
Microsoft Visual Studio Solution File, Format Version 12.00
# Visual Studio Version 16
VisualStudioVersion = 16.0.29306.81
MinimumVisualStudioVersion = 10.0.40219.1
Project("{FAE04EC0-301F-11D3-BF4B-00C04F79EFBC}") = "Calculadora", "Calculadora.csproj", "{D5CE1128-5336-42CC-A54E-BBAEBEC42307}"
EndProject
Global
	GlobalSection(SolutionConfigurationPlatforms) = preSolution
		Debug|Any CPU = Debug|Any CPU
		Release|Any CPU = Release|Any CPU
	EndGlobalSection
	GlobalSection(ProjectConfigurationPlatforms) = postSolution
		{D5CE1128-5336-42CC-A54E-BBAEBEC42307}.Debug|Any CPU.ActiveCfg = Debug|Any CPU
		{D5CE1128-5336-42CC-A54E-BBAEBEC42307}.Debug|Any CPU.Build.0 = Debug|Any CPU
		{D5CE1128-5336-42CC-A54E-BBAEBEC42307}.Release|Any CPU.ActiveCfg = Release|Any CPU
		{D5CE1128-5336-42CC-A54E-BBAEBEC42307}.Release|Any CPU.Build.0 = Release|Any CPU
	EndGlobalSection
	GlobalSection(SolutionProperties) = preSolution
		HideSolutionNode = FALSE
	EndGlobalSection
	GlobalSection(ExtensibilityGlobals) = postSolution
		SolutionGuid = {BB8BC245-9F38-4CDA-96BB-692002A9B971}
	EndGlobalSection
EndGlobal
